
Microsoft Visual Studio Solution File, Format Version 12.00
# Visual Studio Version 16
VisualStudioVersion = 16.0.30717.126
MinimumVisualStudioVersion = 10.0.40219.1
Project("{8BC9CEB8-8B4A-11D0-8D11-00A0C91BC942}") = "calculate_string", "calculate_string\calculate_string.vcxproj", "{E49F66C4-FE6E-49A9-8381-F59E14C32737}"
EndProject
Project("{8BC9CEB8-8B4A-11D0-8D11-00A0C91BC942}") = "Project1", "Project1\Project1.vcxproj", "{53C576DE-C2E3-41A8-84CB-56745C2133C9}"
EndProject
Global
	GlobalSection(SolutionConfigurationPlatforms) = preSolution
		Debug|x64 = Debug|x64
		Debug|x86 = Debug|x86
		Release|x64 = Release|x64
		Release|x86 = Release|x86
	EndGlobalSection
	GlobalSection(ProjectConfigurationPlatforms) = postSolution
		{E49F66C4-FE6E-49A9-8381-F59E14C32737}.Debug|x64.ActiveCfg = Debug|x64
		{E49F66C4-FE6E-49A9-8381-F59E14C32737}.Debug|x64.Build.0 = Debug|x64
		{E49F66C4-FE6E-49A9-8381-F59E14C32737}.Debug|x86.ActiveCfg = Debug|Win32
		{E49F66C4-FE6E-49A9-8381-F59E14C32737}.Debug|x86.Build.0 = Debug|Win32
		{E49F66C4-FE6E-49A9-8381-F59E14C32737}.Release|x64.ActiveCfg = Release|x64
		{E49F66C4-FE6E-49A9-8381-F59E14C32737}.Release|x64.Build.0 = Release|x64
		{E49F66C4-FE6E-49A9-8381-F59E14C32737}.Release|x86.ActiveCfg = Release|Win32
		{E49F66C4-FE6E-49A9-8381-F59E14C32737}.Release|x86.Build.0 = Release|Win32
		{53C576DE-C2E3-41A8-84CB-56745C2133C9}.Debug|x64.ActiveCfg = Debug|x64
		{53C576DE-C2E3-41A8-84CB-56745C2133C9}.Debug|x64.Build.0 = Debug|x64
		{53C576DE-C2E3-41A8-84CB-56745C2133C9}.Debug|x86.ActiveCfg = Debug|Win32
		{53C576DE-C2E3-41A8-84CB-56745C2133C9}.Debug|x86.Build.0 = Debug|Win32
		{53C576DE-C2E3-41A8-84CB-56745C2133C9}.Release|x64.ActiveCfg = Release|x64
		{53C576DE-C2E3-41A8-84CB-56745C2133C9}.Release|x64.Build.0 = Release|x64
		{53C576DE-C2E3-41A8-84CB-56745C2133C9}.Release|x86.ActiveCfg = Release|Win32
		{53C576DE-C2E3-41A8-84CB-56745C2133C9}.Release|x86.Build.0 = Release|Win32
	EndGlobalSection
	GlobalSection(SolutionProperties) = preSolution
		HideSolutionNode = FALSE
	EndGlobalSection
	GlobalSection(ExtensibilityGlobals) = postSolution
		SolutionGuid = {A9225773-9E62-42F8-835D-6301B2ECBD79}
	EndGlobalSection
EndGlobal
